
Microsoft Visual Studio Solution File, Format Version 12.00
# Visual Studio Version 16
VisualStudioVersion = 16.0.29209.62
MinimumVisualStudioVersion = 10.0.40219.1
Project("{FAE04EC0-301F-11D3-BF4B-00C04F79EFBC}") = "Coderbyte", "Coderbyte\Coderbyte.csproj", "{E69C10EC-B34D-41B8-BE08-A27AA0B35FBA}"
EndProject
Global
	GlobalSection(SolutionConfigurationPlatforms) = preSolution
		Debug|Any CPU = Debug|Any CPU
		Release|Any CPU = Release|Any CPU
	EndGlobalSection
	GlobalSection(ProjectConfigurationPlatforms) = postSolution
		{E69C10EC-B34D-41B8-BE08-A27AA0B35FBA}.Debug|Any CPU.ActiveCfg = Debug|Any CPU
		{E69C10EC-B34D-41B8-BE08-A27AA0B35FBA}.Debug|Any CPU.Build.0 = Debug|Any CPU
		{E69C10EC-B34D-41B8-BE08-A27AA0B35FBA}.Release|Any CPU.ActiveCfg = Release|Any CPU
		{E69C10EC-B34D-41B8-BE08-A27AA0B35FBA}.Release|Any CPU.Build.0 = Release|Any CPU
	EndGlobalSection
	GlobalSection(SolutionProperties) = preSolution
		HideSolutionNode = FALSE
	EndGlobalSection
	GlobalSection(ExtensibilityGlobals) = postSolution
		SolutionGuid = {F26E1471-2C4E-4B5A-AF67-BDF6F4AC6B46}
	EndGlobalSection
EndGlobal
